
Microsoft Visual Studio Solution File, Format Version 12.00
# Visual Studio Version 16
VisualStudioVersion = 16.0.28902.138
MinimumVisualStudioVersion = 10.0.40219.1
Project("{9A19103F-16F7-4668-BE54-9A1E7A4F7556}") = "JOInformatik.DawaReplication", "JOInformatik.DawaReplication\JOInformatik.DawaReplication.csproj", "{42BB2E62-A6D6-49F0-9B5E-266BCECD7B05}"
EndProject
Project("{9A19103F-16F7-4668-BE54-9A1E7A4F7556}") = "JOInformatik.DawaReplication.DataAccess", "JOInformatik.DawaReplication.DataAccess\JOInformatik.DawaReplication.DataAccess.csproj", "{695EA6C7-C332-4FEA-AEAC-9E046B8710C4}"
EndProject
Project("{2150E333-8FDC-42A3-9474-1A3956D46DE8}") = "Database", "Database", "{4FE450DA-DA78-45BA-B233-9D6BC697C8B6}"
	ProjectSection(SolutionItems) = preProject
		Database\Column Descriptions DAGI.sql = Database\Column Descriptions DAGI.sql
		Database\Column Descriptions DAWA.sql = Database\Column Descriptions DAWA.sql
		Database\Tabel Descriptions.sql = Database\Tabel Descriptions.sql
	EndProjectSection
EndProject
Project("{9A19103F-16F7-4668-BE54-9A1E7A4F7556}") = "JOInformatik.DawaReplication.DataAccess.Tests", "JOInformatik.DawaReplication.DataAccess.Tests\JOInformatik.DawaReplication.DataAccess.Tests.csproj", "{D70FA2B1-8468-4F30-9819-C394B6C0152F}"
EndProject
Project("{2150E333-8FDC-42A3-9474-1A3956D46DE8}") = "Doc", "Doc", "{00A3BD8B-08FC-4568-88DE-D94724F2C3BA}"
	ProjectSection(SolutionItems) = preProject
		Doc\DAWA Replikerings klient OpenSoftware.docx = Doc\DAWA Replikerings klient OpenSoftware.docx
	EndProjectSection
EndProject
Global
	GlobalSection(SolutionConfigurationPlatforms) = preSolution
		Debug|Any CPU = Debug|Any CPU
		Release|Any CPU = Release|Any CPU
	EndGlobalSection
	GlobalSection(ProjectConfigurationPlatforms) = postSolution
		{42BB2E62-A6D6-49F0-9B5E-266BCECD7B05}.Debug|Any CPU.ActiveCfg = Debug|Any CPU
		{42BB2E62-A6D6-49F0-9B5E-266BCECD7B05}.Debug|Any CPU.Build.0 = Debug|Any CPU
		{42BB2E62-A6D6-49F0-9B5E-266BCECD7B05}.Release|Any CPU.ActiveCfg = Release|Any CPU
		{42BB2E62-A6D6-49F0-9B5E-266BCECD7B05}.Release|Any CPU.Build.0 = Release|Any CPU
		{695EA6C7-C332-4FEA-AEAC-9E046B8710C4}.Debug|Any CPU.ActiveCfg = Debug|Any CPU
		{695EA6C7-C332-4FEA-AEAC-9E046B8710C4}.Debug|Any CPU.Build.0 = Debug|Any CPU
		{695EA6C7-C332-4FEA-AEAC-9E046B8710C4}.Release|Any CPU.ActiveCfg = Release|Any CPU
		{695EA6C7-C332-4FEA-AEAC-9E046B8710C4}.Release|Any CPU.Build.0 = Release|Any CPU
		{D70FA2B1-8468-4F30-9819-C394B6C0152F}.Debug|Any CPU.ActiveCfg = Debug|Any CPU
		{D70FA2B1-8468-4F30-9819-C394B6C0152F}.Debug|Any CPU.Build.0 = Debug|Any CPU
		{D70FA2B1-8468-4F30-9819-C394B6C0152F}.Release|Any CPU.ActiveCfg = Release|Any CPU
		{D70FA2B1-8468-4F30-9819-C394B6C0152F}.Release|Any CPU.Build.0 = Release|Any CPU
	EndGlobalSection
	GlobalSection(SolutionProperties) = preSolution
		HideSolutionNode = FALSE
	EndGlobalSection
	GlobalSection(ExtensibilityGlobals) = postSolution
		SolutionGuid = {4B78BE54-6639-4148-992D-FB73E9BF5DF1}
	EndGlobalSection
EndGlobal
